// !$*UTF8*$!
{
	archiveVersion = 1;
	classes = {
	};
	objectVersion = 56;
	objects = {

/* Begin PBXBuildFile section */
		F2474AF02BFFB6AB00D7405B /* AppetizerTabView.swift in Sources */ = {isa = PBXBuildFile; fileRef = F2474AEF2BFFB6AB00D7405B /* AppetizerTabView.swift */; };
		F2EBF5B32BFFB15C00DD402A /* SwiftUI_AppetizersApp.swift in Sources */ = {isa = PBXBuildFile; fileRef = F2EBF5B22BFFB15C00DD402A /* SwiftUI_AppetizersApp.swift */; };
		F2EBF5B72BFFB15D00DD402A /* Assets.xcassets in Resources */ = {isa = PBXBuildFile; fileRef = F2EBF5B62BFFB15D00DD402A /* Assets.xcassets */; };
		F2EBF5BA2BFFB15D00DD402A /* Preview Assets.xcassets in Resources */ = {isa = PBXBuildFile; fileRef = F2EBF5B92BFFB15D00DD402A /* Preview Assets.xcassets */; };
		F2EBF5C12BFFB26A00DD402A /* AppetizerListView.swift in Sources */ = {isa = PBXBuildFile; fileRef = F2EBF5C02BFFB26A00DD402A /* AppetizerListView.swift */; };
		F2EBF5C32BFFB27A00DD402A /* AccountView.swift in Sources */ = {isa = PBXBuildFile; fileRef = F2EBF5C22BFFB27A00DD402A /* AccountView.swift */; };
		F2EBF5C52BFFB28800DD402A /* OrderView.swift in Sources */ = {isa = PBXBuildFile; fileRef = F2EBF5C42BFFB28800DD402A /* OrderView.swift */; };
/* End PBXBuildFile section */

/* Begin PBXFileReference section */
		F2474AEF2BFFB6AB00D7405B /* AppetizerTabView.swift */ = {isa = PBXFileReference; lastKnownFileType = sourcecode.swift; path = AppetizerTabView.swift; sourceTree = "<group>"; };
		F2EBF5AF2BFFB15C00DD402A /* SwiftUI-Appetizers.app */ = {isa = PBXFileReference; explicitFileType = wrapper.application; includeInIndex = 0; path = "SwiftUI-Appetizers.app"; sourceTree = BUILT_PRODUCTS_DIR; };
		F2EBF5B22BFFB15C00DD402A /* SwiftUI_AppetizersApp.swift */ = {isa = PBXFileReference; lastKnownFileType = sourcecode.swift; path = SwiftUI_AppetizersApp.swift; sourceTree = "<group>"; };
		F2EBF5B62BFFB15D00DD402A /* Assets.xcassets */ = {isa = PBXFileReference; lastKnownFileType = folder.assetcatalog; path = Assets.xcassets; sourceTree = "<group>"; };
		F2EBF5B92BFFB15D00DD402A /* Preview Assets.xcassets */ = {isa = PBXFileReference; lastKnownFileType = folder.assetcatalog; path = "Preview Assets.xcassets"; sourceTree = "<group>"; };
		F2EBF5C02BFFB26A00DD402A /* AppetizerListView.swift */ = {isa = PBXFileReference; lastKnownFileType = sourcecode.swift; path = AppetizerListView.swift; sourceTree = "<group>"; };
		F2EBF5C22BFFB27A00DD402A /* AccountView.swift */ = {isa = PBXFileReference; lastKnownFileType = sourcecode.swift; path = AccountView.swift; sourceTree = "<group>"; };
		F2EBF5C42BFFB28800DD402A /* OrderView.swift */ = {isa = PBXFileReference; lastKnownFileType = sourcecode.swift; path = OrderView.swift; sourceTree = "<group>"; };
/* End PBXFileReference section */

/* Begin PBXFrameworksBuildPhase section */
		F2EBF5AC2BFFB15C00DD402A /* Frameworks */ = {
			isa = PBXFrameworksBuildPhase;
			buildActionMask = 2147483647;
			files = (
			);
			runOnlyForDeploymentPostprocessing = 0;
		};
/* End PBXFrameworksBuildPhase section */

/* Begin PBXGroup section */
		F24EE0D52BFFB65D0080F989 /* TabViews */ = {
			isa = PBXGroup;
			children = (
				F2EBF5C02BFFB26A00DD402A /* AppetizerListView.swift */,
				F2EBF5C22BFFB27A00DD402A /* AccountView.swift */,
				F2EBF5C42BFFB28800DD402A /* OrderView.swift */,
			);
			path = TabViews;
			sourceTree = "<group>";
		};
		F2EBF5A62BFFB15C00DD402A = {
			isa = PBXGroup;
			children = (
				F2EBF5B12BFFB15C00DD402A /* SwiftUI-Appetizers */,
				F2EBF5B02BFFB15C00DD402A /* Products */,
			);
			sourceTree = "<group>";
		};
		F2EBF5B02BFFB15C00DD402A /* Products */ = {
			isa = PBXGroup;
			children = (
				F2EBF5AF2BFFB15C00DD402A /* SwiftUI-Appetizers.app */,
			);
			name = Products;
			sourceTree = "<group>";
		};
		F2EBF5B12BFFB15C00DD402A /* SwiftUI-Appetizers */ = {
			isa = PBXGroup;
			children = (
				F24EE0D52BFFB65D0080F989 /* TabViews */,
				F2EBF5B22BFFB15C00DD402A /* SwiftUI_AppetizersApp.swift */,
				F2EBF5B62BFFB15D00DD402A /* Assets.xcassets */,
				F2EBF5B82BFFB15D00DD402A /* Preview Content */,
				F2474AEF2BFFB6AB00D7405B /* AppetizerTabView.swift */,
			);
			path = "SwiftUI-Appetizers";
			sourceTree = "<group>";
		};
		F2EBF5B82BFFB15D00DD402A /* Preview Content */ = {
			isa = PBXGroup;
			children = (
				F2EBF5B92BFFB15D00DD402A /* Preview Assets.xcassets */,
			);
			path = "Preview Content";
			sourceTree = "<group>";
		};
/* End PBXGroup section */

/* Begin PBXNativeTarget section */
		F2EBF5AE2BFFB15C00DD402A /* SwiftUI-Appetizers */ = {
			isa = PBXNativeTarget;
			buildConfigurationList = F2EBF5BD2BFFB15D00DD402A /* Build configuration list for PBXNativeTarget "SwiftUI-Appetizers" */;
			buildPhases = (
				F2EBF5AB2BFFB15C00DD402A /* Sources */,
				F2EBF5AC2BFFB15C00DD402A /* Frameworks */,
				F2EBF5AD2BFFB15C00DD402A /* Resources */,
			);
			buildRules = (
			);
			dependencies = (
			);
			name = "SwiftUI-Appetizers";
			productName = "SwiftUI-Appetizers";
			productReference = F2EBF5AF2BFFB15C00DD402A /* SwiftUI-Appetizers.app */;
			productType = "com.apple.product-type.application";
		};
/* End PBXNativeTarget section */

/* Begin PBXProject section */
		F2EBF5A72BFFB15C00DD402A /* Project object */ = {
			isa = PBXProject;
			attributes = {
				BuildIndependentTargetsInParallel = 1;
				LastSwiftUpdateCheck = 1530;
				LastUpgradeCheck = 1530;
				TargetAttributes = {
					F2EBF5AE2BFFB15C00DD402A = {
						CreatedOnToolsVersion = 15.3;
					};
				};
			};
			buildConfigurationList = F2EBF5AA2BFFB15C00DD402A /* Build configuration list for PBXProject "SwiftUI-Appetizers" */;
			compatibilityVersion = "Xcode 14.0";
			developmentRegion = en;
			hasScannedForEncodings = 0;
			knownRegions = (
				en,
				Base,
			);
			mainGroup = F2EBF5A62BFFB15C00DD402A;
			productRefGroup = F2EBF5B02BFFB15C00DD402A /* Products */;
			projectDirPath = "";
			projectRoot = "";
			targets = (
				F2EBF5AE2BFFB15C00DD402A /* SwiftUI-Appetizers */,
			);
		};
/* End PBXProject section */

/* Begin PBXResourcesBuildPhase section */
		F2EBF5AD2BFFB15C00DD402A /* Resources */ = {
			isa = PBXResourcesBuildPhase;
			buildActionMask = 2147483647;
			files = (
				F2EBF5BA2BFFB15D00DD402A /* Preview Assets.xcassets in Resources */,
				F2EBF5B72BFFB15D00DD402A /* Assets.xcassets in Resources */,
			);
			runOnlyForDeploymentPostprocessing = 0;
		};
/* End PBXResourcesBuildPhase section */

/* Begin PBXSourcesBuildPhase section */
		F2EBF5AB2BFFB15C00DD402A /* Sources */ = {
			isa = PBXSourcesBuildPhase;
			buildActionMask = 2147483647;
			files = (
				F2EBF5C32BFFB27A00DD402A /* AccountView.swift in Sources */,
				F2EBF5B32BFFB15C00DD402A /* SwiftUI_AppetizersApp.swift in Sources */,
				F2EBF5C12BFFB26A00DD402A /* AppetizerListView.swift in Sources */,
				F2EBF5C52BFFB28800DD402A /* OrderView.swift in Sources */,
				F2474AF02BFFB6AB00D7405B /* AppetizerTabView.swift in Sources */,
			);
			runOnlyForDeploymentPostprocessing = 0;
		};
/* End PBXSourcesBuildPhase section */

/* Begin XCBuildConfiguration section */
		F2EBF5BB2BFFB15D00DD402A /* Debug */ = {
			isa = XCBuildConfiguration;
			buildSettings = {
				ALWAYS_SEARCH_USER_PATHS = NO;
				ASSETCATALOG_COMPILER_GENERATE_SWIFT_ASSET_SYMBOL_EXTENSIONS = YES;
				CLANG_ANALYZER_NONNULL = YES;
				CLANG_ANALYZER_NUMBER_OBJECT_CONVERSION = YES_AGGRESSIVE;
				CLANG_CXX_LANGUAGE_STANDARD = "gnu++20";
				CLANG_ENABLE_MODULES = YES;
				CLANG_ENABLE_OBJC_ARC = YES;
				CLANG_ENABLE_OBJC_WEAK = YES;
				CLANG_WARN_BLOCK_CAPTURE_AUTORELEASING = YES;
				CLANG_WARN_BOOL_CONVERSION = YES;
				CLANG_WARN_COMMA = YES;
				CLANG_WARN_CONSTANT_CONVERSION = YES;
				CLANG_WARN_DEPRECATED_OBJC_IMPLEMENTATIONS = YES;
				CLANG_WARN_DIRECT_OBJC_ISA_USAGE = YES_ERROR;
				CLANG_WARN_DOCUMENTATION_COMMENTS = YES;
				CLANG_WARN_EMPTY_BODY = YES;
				CLANG_WARN_ENUM_CONVERSION = YES;
				CLANG_WARN_INFINITE_RECURSION = YES;
				CLANG_WARN_INT_CONVERSION = YES;
				CLANG_WARN_NON_LITERAL_NULL_CONVERSION = YES;
				CLANG_WARN_OBJC_IMPLICIT_RETAIN_SELF = YES;
				CLANG_WARN_OBJC_LITERAL_CONVERSION = YES;
				CLANG_WARN_OBJC_ROOT_CLASS = YES_ERROR;
				CLANG_WARN_QUOTED_INCLUDE_IN_FRAMEWORK_HEADER = YES;
				CLANG_WARN_RANGE_LOOP_ANALYSIS = YES;
				CLANG_WARN_STRICT_PROTOTYPES = YES;
				CLANG_WARN_SUSPICIOUS_MOVE = YES;
				CLANG_WARN_UNGUARDED_AVAILABILITY = YES_AGGRESSIVE;
				CLANG_WARN_UNREACHABLE_CODE = YES;
				CLANG_WARN__DUPLICATE_METHOD_MATCH = YES;
				COPY_PHASE_STRIP = NO;
				DEBUG_INFORMATION_FORMAT = dwarf;
				ENABLE_STRICT_OBJC_MSGSEND = YES;
				ENABLE_TESTABILITY = YES;
				ENABLE_USER_SCRIPT_SANDBOXING = YES;
				GCC_C_LANGUAGE_STANDARD = gnu17;
				GCC_DYNAMIC_NO_PIC = NO;
				GCC_NO_COMMON_BLOCKS = YES;
				GCC_OPTIMIZATION_LEVEL = 0;
				GCC_PREPROCESSOR_DEFINITIONS = (
					"DEBUG=1",
					"$(inherited)",
				);
				GCC_WARN_64_TO_32_BIT_CONVERSION = YES;
				GCC_WARN_ABOUT_RETURN_TYPE = YES_ERROR;
				GCC_WARN_UNDECLARED_SELECTOR = YES;
				GCC_WARN_UNINITIALIZED_AUTOS = YES_AGGRESSIVE;
				GCC_WARN_UNUSED_FUNCTION = YES;
				GCC_WARN_UNUSED_VARIABLE = YES;
				IPHONEOS_DEPLOYMENT_TARGET = 17.4;
				LOCALIZATION_PREFERS_STRING_CATALOGS = YES;
				MTL_ENABLE_DEBUG_INFO = INCLUDE_SOURCE;
				MTL_FAST_MATH = YES;
				ONLY_ACTIVE_ARCH = YES;
				SDKROOT = iphoneos;
				SWIFT_ACTIVE_COMPILATION_CONDITIONS = "DEBUG $(inherited)";
				SWIFT_OPTIMIZATION_LEVEL = "-Onone";
			};
			name = Debug;
		};
		F2EBF5BC2BFFB15D00DD402A /* Release */ = {
			isa = XCBuildConfiguration;
			buildSettings = {
				ALWAYS_SEARCH_USER_PATHS = NO;
				ASSETCATALOG_COMPILER_GENERATE_SWIFT_ASSET_SYMBOL_EXTENSIONS = YES;
				CLANG_ANALYZER_NONNULL = YES;
				CLANG_ANALYZER_NUMBER_OBJECT_CONVERSION = YES_AGGRESSIVE;
				CLANG_CXX_LANGUAGE_STANDARD = "gnu++20";
				CLANG_ENABLE_MODULES = YES;
				CLANG_ENABLE_OBJC_ARC = YES;
				CLANG_ENABLE_OBJC_WEAK = YES;
				CLANG_WARN_BLOCK_CAPTURE_AUTORELEASING = YES;
				CLANG_WARN_BOOL_CONVERSION = YES;
				CLANG_WARN_COMMA = YES;
				CLANG_WARN_CONSTANT_CONVERSION = YES;
				CLANG_WARN_DEPRECATED_OBJC_IMPLEMENTATIONS = YES;
				CLANG_WARN_DIRECT_OBJC_ISA_USAGE = YES_ERROR;
				CLANG_WARN_DOCUMENTATION_COMMENTS = YES;
				CLANG_WARN_EMPTY_BODY = YES;
				CLANG_WARN_ENUM_CONVERSION = YES;
				CLANG_WARN_INFINITE_RECURSION = YES;
				CLANG_WARN_INT_CONVERSION = YES;
				CLANG_WARN_NON_LITERAL_NULL_CONVERSION = YES;
				CLANG_WARN_OBJC_IMPLICIT_RETAIN_SELF = YES;
				CLANG_WARN_OBJC_LITERAL_CONVERSION = YES;
				CLANG_WARN_OBJC_ROOT_CLASS = YES_ERROR;
				CLANG_WARN_QUOTED_INCLUDE_IN_FRAMEWORK_HEADER = YES;
				CLANG_WARN_RANGE_LOOP_ANALYSIS = YES;
				CLANG_WARN_STRICT_PROTOTYPES = YES;
				CLANG_WARN_SUSPICIOUS_MOVE = YES;
				CLANG_WARN_UNGUARDED_AVAILABILITY = YES_AGGRESSIVE;
				CLANG_WARN_UNREACHABLE_CODE = YES;
				CLANG_WARN__DUPLICATE_METHOD_MATCH = YES;
				COPY_PHASE_STRIP = NO;
				DEBUG_INFORMATION_FORMAT = "dwarf-with-dsym";
				ENABLE_NS_ASSERTIONS = NO;
				ENABLE_STRICT_OBJC_MSGSEND = YES;
				ENABLE_USER_SCRIPT_SANDBOXING = YES;
				GCC_C_LANGUAGE_STANDARD = gnu17;
				GCC_NO_COMMON_BLOCKS = YES;
				GCC_WARN_64_TO_32_BIT_CONVERSION = YES;
				GCC_WARN_ABOUT_RETURN_TYPE = YES_ERROR;
				GCC_WARN_UNDECLARED_SELECTOR = YES;
				GCC_WARN_UNINITIALIZED_AUTOS = YES_AGGRESSIVE;
				GCC_WARN_UNUSED_FUNCTION = YES;
				GCC_WARN_UNUSED_VARIABLE = YES;
				IPHONEOS_DEPLOYMENT_TARGET = 17.4;
				LOCALIZATION_PREFERS_STRING_CATALOGS = YES;
				MTL_ENABLE_DEBUG_INFO = NO;
				MTL_FAST_MATH = YES;
				SDKROOT = iphoneos;
				SWIFT_COMPILATION_MODE = wholemodule;
				VALIDATE_PRODUCT = YES;
			};
			name = Release;
		};
		F2EBF5BE2BFFB15D00DD402A /* Debug */ = {
			isa = XCBuildConfiguration;
			buildSettings = {
				ASSETCATALOG_COMPILER_APPICON_NAME = AppIcon;
				ASSETCATALOG_COMPILER_GLOBAL_ACCENT_COLOR_NAME = AccentColor;
				CODE_SIGN_STYLE = Automatic;
				CURRENT_PROJECT_VERSION = 1;
				DEVELOPMENT_ASSET_PATHS = "\"SwiftUI-Appetizers/Preview Content\"";
				DEVELOPMENT_TEAM = WG6HUMLXT7;
				ENABLE_PREVIEWS = YES;
				GENERATE_INFOPLIST_FILE = YES;
				INFOPLIST_KEY_UIApplicationSceneManifest_Generation = YES;
				INFOPLIST_KEY_UIApplicationSupportsIndirectInputEvents = YES;
				INFOPLIST_KEY_UILaunchScreen_Generation = YES;
				INFOPLIST_KEY_UISupportedInterfaceOrientations_iPad = "UIInterfaceOrientationPortrait UIInterfaceOrientationPortraitUpsideDown UIInterfaceOrientationLandscapeLeft UIInterfaceOrientationLandscapeRight";
				INFOPLIST_KEY_UISupportedInterfaceOrientations_iPhone = "UIInterfaceOrientationPortrait UIInterfaceOrientationLandscapeLeft UIInterfaceOrientationLandscapeRight";
				LD_RUNPATH_SEARCH_PATHS = (
					"$(inherited)",
					"@executable_path/Frameworks",
				);
				MARKETING_VERSION = 1.0;
				PRODUCT_BUNDLE_IDENTIFIER = "drposeidon.SwiftUI-Appetizers";
				PRODUCT_NAME = "$(TARGET_NAME)";
				SWIFT_EMIT_LOC_STRINGS = YES;
				SWIFT_VERSION = 5.0;
				TARGETED_DEVICE_FAMILY = "1,2";
			};
			name = Debug;
		};
		F2EBF5BF2BFFB15D00DD402A /* Release */ = {
			isa = XCBuildConfiguration;
			buildSettings = {
				ASSETCATALOG_COMPILER_APPICON_NAME = AppIcon;
				ASSETCATALOG_COMPILER_GLOBAL_ACCENT_COLOR_NAME = AccentColor;
				CODE_SIGN_STYLE = Automatic;
				CURRENT_PROJECT_VERSION = 1;
				DEVELOPMENT_ASSET_PATHS = "\"SwiftUI-Appetizers/Preview Content\"";
				DEVELOPMENT_TEAM = WG6HUMLXT7;
				ENABLE_PREVIEWS = YES;
				GENERATE_INFOPLIST_FILE = YES;
				INFOPLIST_KEY_UIApplicationSceneManifest_Generation = YES;
				INFOPLIST_KEY_UIApplicationSupportsIndirectInputEvents = YES;
				INFOPLIST_KEY_UILaunchScreen_Generation = YES;
				INFOPLIST_KEY_UISupportedInterfaceOrientations_iPad = "UIInterfaceOrientationPortrait UIInterfaceOrientationPortraitUpsideDown UIInterfaceOrientationLandscapeLeft UIInterfaceOrientationLandscapeRight";
				INFOPLIST_KEY_UISupportedInterfaceOrientations_iPhone = "UIInterfaceOrientationPortrait UIInterfaceOrientationLandscapeLeft UIInterfaceOrientationLandscapeRight";
				LD_RUNPATH_SEARCH_PATHS = (
					"$(inherited)",
					"@executable_path/Frameworks",
				);
				MARKETING_VERSION = 1.0;
				PRODUCT_BUNDLE_IDENTIFIER = "drposeidon.SwiftUI-Appetizers";
				PRODUCT_NAME = "$(TARGET_NAME)";
				SWIFT_EMIT_LOC_STRINGS = YES;
				SWIFT_VERSION = 5.0;
				TARGETED_DEVICE_FAMILY = "1,2";
			};
			name = Release;
		};
/* End XCBuildConfiguration section */

/* Begin XCConfigurationList section */
		F2EBF5AA2BFFB15C00DD402A /* Build configuration list for PBXProject "SwiftUI-Appetizers" */ = {
			isa = XCConfigurationList;
			buildConfigurations = (
				F2EBF5BB2BFFB15D00DD402A /* Debug */,
				F2EBF5BC2BFFB15D00DD402A /* Release */,
			);
			defaultConfigurationIsVisible = 0;
			defaultConfigurationName = Release;
		};
		F2EBF5BD2BFFB15D00DD402A /* Build configuration list for PBXNativeTarget "SwiftUI-Appetizers" */ = {
			isa = XCConfigurationList;
			buildConfigurations = (
				F2EBF5BE2BFFB15D00DD402A /* Debug */,
				F2EBF5BF2BFFB15D00DD402A /* Release */,
			);
			defaultConfigurationIsVisible = 0;
			defaultConfigurationName = Release;
		};
/* End XCConfigurationList section */
	};
	rootObject = F2EBF5A72BFFB15C00DD402A /* Project object */;
}
